
Microsoft Visual Studio Solution File, Format Version 12.00
# Visual Studio Version 17
VisualStudioVersion = 17.11.35219.272
MinimumVisualStudioVersion = 10.0.40219.1
Project("{FAE04EC0-301F-11D3-BF4B-00C04F79EFBC}") = "Strategy", "Strategy\Strategy.csproj", "{3584C3DC-DCAE-422F-9FAE-0B1F394F27BE}"
EndProject
Global
	GlobalSection(SolutionConfigurationPlatforms) = preSolution
		Debug|Any CPU = Debug|Any CPU
		Release|Any CPU = Release|Any CPU
	EndGlobalSection
	GlobalSection(ProjectConfigurationPlatforms) = postSolution
		{3584C3DC-DCAE-422F-9FAE-0B1F394F27BE}.Debug|Any CPU.ActiveCfg = Debug|Any CPU
		{3584C3DC-DCAE-422F-9FAE-0B1F394F27BE}.Debug|Any CPU.Build.0 = Debug|Any CPU
		{3584C3DC-DCAE-422F-9FAE-0B1F394F27BE}.Release|Any CPU.ActiveCfg = Release|Any CPU
		{3584C3DC-DCAE-422F-9FAE-0B1F394F27BE}.Release|Any CPU.Build.0 = Release|Any CPU
	EndGlobalSection
	GlobalSection(SolutionProperties) = preSolution
		HideSolutionNode = FALSE
	EndGlobalSection
	GlobalSection(ExtensibilityGlobals) = postSolution
		SolutionGuid = {1E76508D-59A5-4032-B073-E7622A4CA1BE}
	EndGlobalSection
EndGlobal
